// !$*UTF8*$!
{
	archiveVersion = 1;
	classes = {
	};
	objectVersion = 50;
	objects = {

/* Begin PBXBuildFile section */
		3FE0E2BD21A54B3E00FE491E /* AppDelegate.swift in Sources */ = {isa = PBXBuildFile; fileRef = 3FE0E2BC21A54B3E00FE491E /* AppDelegate.swift */; };
		3FE0E2BF21A54B3E00FE491E /* ViewController.swift in Sources */ = {isa = PBXBuildFile; fileRef = 3FE0E2BE21A54B3E00FE491E /* ViewController.swift */; };
		3FE0E2C221A54B3E00FE491E /* Main.storyboard in Resources */ = {isa = PBXBuildFile; fileRef = 3FE0E2C021A54B3E00FE491E /* Main.storyboard */; };
		3FE0E2C421A54B3E00FE491E /* Assets.xcassets in Resources */ = {isa = PBXBuildFile; fileRef = 3FE0E2C321A54B3E00FE491E /* Assets.xcassets */; };
		3FE0E2C721A54B3F00FE491E /* LaunchScreen.storyboard in Resources */ = {isa = PBXBuildFile; fileRef = 3FE0E2C521A54B3F00FE491E /* LaunchScreen.storyboard */; };
		3FE0E2D221A54B3F00FE491E /* TransitionTests.swift in Sources */ = {isa = PBXBuildFile; fileRef = 3FE0E2D121A54B3F00FE491E /* TransitionTests.swift */; };
		3FE0E2DD21A54B3F00FE491E /* TransitionUITests.swift in Sources */ = {isa = PBXBuildFile; fileRef = 3FE0E2DC21A54B3F00FE491E /* TransitionUITests.swift */; };
/* End PBXBuildFile section */

/* Begin PBXContainerItemProxy section */
		3FE0E2CE21A54B3F00FE491E /* PBXContainerItemProxy */ = {
			isa = PBXContainerItemProxy;
			containerPortal = 3FE0E2B121A54B3E00FE491E /* Project object */;
			proxyType = 1;
			remoteGlobalIDString = 3FE0E2B821A54B3E00FE491E;
			remoteInfo = Transition;
		};
		3FE0E2D921A54B3F00FE491E /* PBXContainerItemProxy */ = {
			isa = PBXContainerItemProxy;
			containerPortal = 3FE0E2B121A54B3E00FE491E /* Project object */;
			proxyType = 1;
			remoteGlobalIDString = 3FE0E2B821A54B3E00FE491E;
			remoteInfo = Transition;
		};
/* End PBXContainerItemProxy section */

/* Begin PBXFileReference section */
		3FE0E2B921A54B3E00FE491E /* Transition.app */ = {isa = PBXFileReference; explicitFileType = wrapper.application; includeInIndex = 0; path = Transition.app; sourceTree = BUILT_PRODUCTS_DIR; };
		3FE0E2BC21A54B3E00FE491E /* AppDelegate.swift */ = {isa = PBXFileReference; lastKnownFileType = sourcecode.swift; path = AppDelegate.swift; sourceTree = "<group>"; };
		3FE0E2BE21A54B3E00FE491E /* ViewController.swift */ = {isa = PBXFileReference; lastKnownFileType = sourcecode.swift; path = ViewController.swift; sourceTree = "<group>"; };
		3FE0E2C121A54B3E00FE491E /* Base */ = {isa = PBXFileReference; lastKnownFileType = file.storyboard; name = Base; path = Base.lproj/Main.storyboard; sourceTree = "<group>"; };
		3FE0E2C321A54B3E00FE491E /* Assets.xcassets */ = {isa = PBXFileReference; lastKnownFileType = folder.assetcatalog; path = Assets.xcassets; sourceTree = "<group>"; };
		3FE0E2C621A54B3F00FE491E /* Base */ = {isa = PBXFileReference; lastKnownFileType = file.storyboard; name = Base; path = Base.lproj/LaunchScreen.storyboard; sourceTree = "<group>"; };
		3FE0E2C821A54B3F00FE491E /* Info.plist */ = {isa = PBXFileReference; lastKnownFileType = text.plist.xml; path = Info.plist; sourceTree = "<group>"; };
		3FE0E2CD21A54B3F00FE491E /* TransitionTests.xctest */ = {isa = PBXFileReference; explicitFileType = wrapper.cfbundle; includeInIndex = 0; path = TransitionTests.xctest; sourceTree = BUILT_PRODUCTS_DIR; };
		3FE0E2D121A54B3F00FE491E /* TransitionTests.swift */ = {isa = PBXFileReference; lastKnownFileType = sourcecode.swift; path = TransitionTests.swift; sourceTree = "<group>"; };
		3FE0E2D321A54B3F00FE491E /* Info.plist */ = {isa = PBXFileReference; lastKnownFileType = text.plist.xml; path = Info.plist; sourceTree = "<group>"; };
		3FE0E2D821A54B3F00FE491E /* TransitionUITests.xctest */ = {isa = PBXFileReference; explicitFileType = wrapper.cfbundle; includeInIndex = 0; path = TransitionUITests.xctest; sourceTree = BUILT_PRODUCTS_DIR; };
		3FE0E2DC21A54B3F00FE491E /* TransitionUITests.swift */ = {isa = PBXFileReference; lastKnownFileType = sourcecode.swift; path = TransitionUITests.swift; sourceTree = "<group>"; };
		3FE0E2DE21A54B3F00FE491E /* Info.plist */ = {isa = PBXFileReference; lastKnownFileType = text.plist.xml; path = Info.plist; sourceTree = "<group>"; };
/* End PBXFileReference section */

/* Begin PBXFrameworksBuildPhase section */
		3FE0E2B621A54B3E00FE491E /* Frameworks */ = {
			isa = PBXFrameworksBuildPhase;
			buildActionMask = 2147483647;
			files = (
			);
			runOnlyForDeploymentPostprocessing = 0;
		};
		3FE0E2CA21A54B3F00FE491E /* Frameworks */ = {
			isa = PBXFrameworksBuildPhase;
			buildActionMask = 2147483647;
			files = (
			);
			runOnlyForDeploymentPostprocessing = 0;
		};
		3FE0E2D521A54B3F00FE491E /* Frameworks */ = {
			isa = PBXFrameworksBuildPhase;
			buildActionMask = 2147483647;
			files = (
			);
			runOnlyForDeploymentPostprocessing = 0;
		};
/* End PBXFrameworksBuildPhase section */

/* Begin PBXGroup section */
		3FE0E2B021A54B3E00FE491E = {
			isa = PBXGroup;
			children = (
				3FE0E2BB21A54B3E00FE491E /* Transition */,
				3FE0E2D021A54B3F00FE491E /* TransitionTests */,
				3FE0E2DB21A54B3F00FE491E /* TransitionUITests */,
				3FE0E2BA21A54B3E00FE491E /* Products */,
			);
			sourceTree = "<group>";
		};
		3FE0E2BA21A54B3E00FE491E /* Products */ = {
			isa = PBXGroup;
			children = (
				3FE0E2B921A54B3E00FE491E /* Transition.app */,
				3FE0E2CD21A54B3F00FE491E /* TransitionTests.xctest */,
				3FE0E2D821A54B3F00FE491E /* TransitionUITests.xctest */,
			);
			name = Products;
			sourceTree = "<group>";
		};
		3FE0E2BB21A54B3E00FE491E /* Transition */ = {
			isa = PBXGroup;
			children = (
				3FE0E2BC21A54B3E00FE491E /* AppDelegate.swift */,
				3FE0E2BE21A54B3E00FE491E /* ViewController.swift */,
				3FE0E2C021A54B3E00FE491E /* Main.storyboard */,
				3FE0E2C321A54B3E00FE491E /* Assets.xcassets */,
				3FE0E2C521A54B3F00FE491E /* LaunchScreen.storyboard */,
				3FE0E2C821A54B3F00FE491E /* Info.plist */,
			);
			path = Transition;
			sourceTree = "<group>";
		};
		3FE0E2D021A54B3F00FE491E /* TransitionTests */ = {
			isa = PBXGroup;
			children = (
				3FE0E2D121A54B3F00FE491E /* TransitionTests.swift */,
				3FE0E2D321A54B3F00FE491E /* Info.plist */,
			);
			path = TransitionTests;
			sourceTree = "<group>";
		};
		3FE0E2DB21A54B3F00FE491E /* TransitionUITests */ = {
			isa = PBXGroup;
			children = (
				3FE0E2DC21A54B3F00FE491E /* TransitionUITests.swift */,
				3FE0E2DE21A54B3F00FE491E /* Info.plist */,
			);
			path = TransitionUITests;
			sourceTree = "<group>";
		};
/* End PBXGroup section */

/* Begin PBXNativeTarget section */
		3FE0E2B821A54B3E00FE491E /* Transition */ = {
			isa = PBXNativeTarget;
			buildConfigurationList = 3FE0E2E121A54B3F00FE491E /* Build configuration list for PBXNativeTarget "Transition" */;
			buildPhases = (
				3FE0E2B521A54B3E00FE491E /* Sources */,
				3FE0E2B621A54B3E00FE491E /* Frameworks */,
				3FE0E2B721A54B3E00FE491E /* Resources */,
			);
			buildRules = (
			);
			dependencies = (
			);
			name = Transition;
			productName = Transition;
			productReference = 3FE0E2B921A54B3E00FE491E /* Transition.app */;
			productType = "com.apple.product-type.application";
		};
		3FE0E2CC21A54B3F00FE491E /* TransitionTests */ = {
			isa = PBXNativeTarget;
			buildConfigurationList = 3FE0E2E421A54B3F00FE491E /* Build configuration list for PBXNativeTarget "TransitionTests" */;
			buildPhases = (
				3FE0E2C921A54B3F00FE491E /* Sources */,
				3FE0E2CA21A54B3F00FE491E /* Frameworks */,
				3FE0E2CB21A54B3F00FE491E /* Resources */,
			);
			buildRules = (
			);
			dependencies = (
				3FE0E2CF21A54B3F00FE491E /* PBXTargetDependency */,
			);
			name = TransitionTests;
			productName = TransitionTests;
			productReference = 3FE0E2CD21A54B3F00FE491E /* TransitionTests.xctest */;
			productType = "com.apple.product-type.bundle.unit-test";
		};
		3FE0E2D721A54B3F00FE491E /* TransitionUITests */ = {
			isa = PBXNativeTarget;
			buildConfigurationList = 3FE0E2E721A54B3F00FE491E /* Build configuration list for PBXNativeTarget "TransitionUITests" */;
			buildPhases = (
				3FE0E2D421A54B3F00FE491E /* Sources */,
				3FE0E2D521A54B3F00FE491E /* Frameworks */,
				3FE0E2D621A54B3F00FE491E /* Resources */,
			);
			buildRules = (
			);
			dependencies = (
				3FE0E2DA21A54B3F00FE491E /* PBXTargetDependency */,
			);
			name = TransitionUITests;
			productName = TransitionUITests;
			productReference = 3FE0E2D821A54B3F00FE491E /* TransitionUITests.xctest */;
			productType = "com.apple.product-type.bundle.ui-testing";
		};
/* End PBXNativeTarget section */

/* Begin PBXProject section */
		3FE0E2B121A54B3E00FE491E /* Project object */ = {
			isa = PBXProject;
			attributes = {
				LastSwiftUpdateCheck = 1000;
				LastUpgradeCheck = 1000;
				ORGANIZATIONNAME = zwy;
				TargetAttributes = {
					3FE0E2B821A54B3E00FE491E = {
						CreatedOnToolsVersion = 10.0;
					};
					3FE0E2CC21A54B3F00FE491E = {
						CreatedOnToolsVersion = 10.0;
						TestTargetID = 3FE0E2B821A54B3E00FE491E;
					};
					3FE0E2D721A54B3F00FE491E = {
						CreatedOnToolsVersion = 10.0;
						TestTargetID = 3FE0E2B821A54B3E00FE491E;
					};
				};
			};
			buildConfigurationList = 3FE0E2B421A54B3E00FE491E /* Build configuration list for PBXProject "Transition" */;
			compatibilityVersion = "Xcode 9.3";
			developmentRegion = en;
			hasScannedForEncodings = 0;
			knownRegions = (
				en,
				Base,
			);
			mainGroup = 3FE0E2B021A54B3E00FE491E;
			productRefGroup = 3FE0E2BA21A54B3E00FE491E /* Products */;
			projectDirPath = "";
			projectRoot = "";
			targets = (
				3FE0E2B821A54B3E00FE491E /* Transition */,
				3FE0E2CC21A54B3F00FE491E /* TransitionTests */,
				3FE0E2D721A54B3F00FE491E /* TransitionUITests */,
			);
		};
/* End PBXProject section */

/* Begin PBXResourcesBuildPhase section */
		3FE0E2B721A54B3E00FE491E /* Resources */ = {
			isa = PBXResourcesBuildPhase;
			buildActionMask = 2147483647;
			files = (
				3FE0E2C721A54B3F00FE491E /* LaunchScreen.storyboard in Resources */,
				3FE0E2C421A54B3E00FE491E /* Assets.xcassets in Resources */,
				3FE0E2C221A54B3E00FE491E /* Main.storyboard in Resources */,
			);
			runOnlyForDeploymentPostprocessing = 0;
		};
		3FE0E2CB21A54B3F00FE491E /* Resources */ = {
			isa = PBXResourcesBuildPhase;
			buildActionMask = 2147483647;
			files = (
			);
			runOnlyForDeploymentPostprocessing = 0;
		};
		3FE0E2D621A54B3F00FE491E /* Resources */ = {
			isa = PBXResourcesBuildPhase;
			buildActionMask = 2147483647;
			files = (
			);
			runOnlyForDeploymentPostprocessing = 0;
		};
/* End PBXResourcesBuildPhase section */

/* Begin PBXSourcesBuildPhase section */
		3FE0E2B521A54B3E00FE491E /* Sources */ = {
			isa = PBXSourcesBuildPhase;
			buildActionMask = 2147483647;
			files = (
				3FE0E2BF21A54B3E00FE491E /* ViewController.swift in Sources */,
				3FE0E2BD21A54B3E00FE491E /* AppDelegate.swift in Sources */,
			);
			runOnlyForDeploymentPostprocessing = 0;
		};
		3FE0E2C921A54B3F00FE491E /* Sources */ = {
			isa = PBXSourcesBuildPhase;
			buildActionMask = 2147483647;
			files = (
				3FE0E2D221A54B3F00FE491E /* TransitionTests.swift in Sources */,
			);
			runOnlyForDeploymentPostprocessing = 0;
		};
		3FE0E2D421A54B3F00FE491E /* Sources */ = {
			isa = PBXSourcesBuildPhase;
			buildActionMask = 2147483647;
			files = (
				3FE0E2DD21A54B3F00FE491E /* TransitionUITests.swift in Sources */,
			);
			runOnlyForDeploymentPostprocessing = 0;
		};
/* End PBXSourcesBuildPhase section */

/* Begin PBXTargetDependency section */
		3FE0E2CF21A54B3F00FE491E /* PBXTargetDependency */ = {
			isa = PBXTargetDependency;
			target = 3FE0E2B821A54B3E00FE491E /* Transition */;
			targetProxy = 3FE0E2CE21A54B3F00FE491E /* PBXContainerItemProxy */;
		};
		3FE0E2DA21A54B3F00FE491E /* PBXTargetDependency */ = {
			isa = PBXTargetDependency;
			target = 3FE0E2B821A54B3E00FE491E /* Transition */;
			targetProxy = 3FE0E2D921A54B3F00FE491E /* PBXContainerItemProxy */;
		};
/* End PBXTargetDependency section */

/* Begin PBXVariantGroup section */
		3FE0E2C021A54B3E00FE491E /* Main.storyboard */ = {
			isa = PBXVariantGroup;
			children = (
				3FE0E2C121A54B3E00FE491E /* Base */,
			);
			name = Main.storyboard;
			sourceTree = "<group>";
		};
		3FE0E2C521A54B3F00FE491E /* LaunchScreen.storyboard */ = {
			isa = PBXVariantGroup;
			children = (
				3FE0E2C621A54B3F00FE491E /* Base */,
			);
			name = LaunchScreen.storyboard;
			sourceTree = "<group>";
		};
/* End PBXVariantGroup section */

/* Begin XCBuildConfiguration section */
		3FE0E2DF21A54B3F00FE491E /* Debug */ = {
			isa = XCBuildConfiguration;
			buildSettings = {
				ALWAYS_SEARCH_USER_PATHS = NO;
				CLANG_ANALYZER_NONNULL = YES;
				CLANG_ANALYZER_NUMBER_OBJECT_CONVERSION = YES_AGGRESSIVE;
				CLANG_CXX_LANGUAGE_STANDARD = "gnu++14";
				CLANG_CXX_LIBRARY = "libc++";
				CLANG_ENABLE_MODULES = YES;
				CLANG_ENABLE_OBJC_ARC = YES;
				CLANG_ENABLE_OBJC_WEAK = YES;
				CLANG_WARN_BLOCK_CAPTURE_AUTORELEASING = YES;
				CLANG_WARN_BOOL_CONVERSION = YES;
				CLANG_WARN_COMMA = YES;
				CLANG_WARN_CONSTANT_CONVERSION = YES;
				CLANG_WARN_DEPRECATED_OBJC_IMPLEMENTATIONS = YES;
				CLANG_WARN_DIRECT_OBJC_ISA_USAGE = YES_ERROR;
				CLANG_WARN_DOCUMENTATION_COMMENTS = YES;
				CLANG_WARN_EMPTY_BODY = YES;
				CLANG_WARN_ENUM_CONVERSION = YES;
				CLANG_WARN_INFINITE_RECURSION = YES;
				CLANG_WARN_INT_CONVERSION = YES;
				CLANG_WARN_NON_LITERAL_NULL_CONVERSION = YES;
				CLANG_WARN_OBJC_IMPLICIT_RETAIN_SELF = YES;
				CLANG_WARN_OBJC_LITERAL_CONVERSION = YES;
				CLANG_WARN_OBJC_ROOT_CLASS = YES_ERROR;
				CLANG_WARN_RANGE_LOOP_ANALYSIS = YES;
				CLANG_WARN_STRICT_PROTOTYPES = YES;
				CLANG_WARN_SUSPICIOUS_MOVE = YES;
				CLANG_WARN_UNGUARDED_AVAILABILITY = YES_AGGRESSIVE;
				CLANG_WARN_UNREACHABLE_CODE = YES;
				CLANG_WARN__DUPLICATE_METHOD_MATCH = YES;
				CODE_SIGN_IDENTITY = "iPhone Developer";
				COPY_PHASE_STRIP = NO;
				DEBUG_INFORMATION_FORMAT = dwarf;
				ENABLE_STRICT_OBJC_MSGSEND = YES;
				ENABLE_TESTABILITY = YES;
				GCC_C_LANGUAGE_STANDARD = gnu11;
				GCC_DYNAMIC_NO_PIC = NO;
				GCC_NO_COMMON_BLOCKS = YES;
				GCC_OPTIMIZATION_LEVEL = 0;
				GCC_PREPROCESSOR_DEFINITIONS = (
					"DEBUG=1",
					"$(inherited)",
				);
				GCC_WARN_64_TO_32_BIT_CONVERSION = YES;
				GCC_WARN_ABOUT_RETURN_TYPE = YES_ERROR;
				GCC_WARN_UNDECLARED_SELECTOR = YES;
				GCC_WARN_UNINITIALIZED_AUTOS = YES_AGGRESSIVE;
				GCC_WARN_UNUSED_FUNCTION = YES;
				GCC_WARN_UNUSED_VARIABLE = YES;
				IPHONEOS_DEPLOYMENT_TARGET = 12.0;
				MTL_ENABLE_DEBUG_INFO = INCLUDE_SOURCE;
				MTL_FAST_MATH = YES;
				ONLY_ACTIVE_ARCH = YES;
				SDKROOT = iphoneos;
				SWIFT_ACTIVE_COMPILATION_CONDITIONS = DEBUG;
				SWIFT_OPTIMIZATION_LEVEL = "-Onone";
			};
			name = Debug;
		};
		3FE0E2E021A54B3F00FE491E /* Release */ = {
			isa = XCBuildConfiguration;
			buildSettings = {
				ALWAYS_SEARCH_USER_PATHS = NO;
				CLANG_ANALYZER_NONNULL = YES;
				CLANG_ANALYZER_NUMBER_OBJECT_CONVERSION = YES_AGGRESSIVE;
				CLANG_CXX_LANGUAGE_STANDARD = "gnu++14";
				CLANG_CXX_LIBRARY = "libc++";
				CLANG_ENABLE_MODULES = YES;
				CLANG_ENABLE_OBJC_ARC = YES;
				CLANG_ENABLE_OBJC_WEAK = YES;
				CLANG_WARN_BLOCK_CAPTURE_AUTORELEASING = YES;
				CLANG_WARN_BOOL_CONVERSION = YES;
				CLANG_WARN_COMMA = YES;
				CLANG_WARN_CONSTANT_CONVERSION = YES;
				CLANG_WARN_DEPRECATED_OBJC_IMPLEMENTATIONS = YES;
				CLANG_WARN_DIRECT_OBJC_ISA_USAGE = YES_ERROR;
				CLANG_WARN_DOCUMENTATION_COMMENTS = YES;
				CLANG_WARN_EMPTY_BODY = YES;
				CLANG_WARN_ENUM_CONVERSION = YES;
				CLANG_WARN_INFINITE_RECURSION = YES;
				CLANG_WARN_INT_CONVERSION = YES;
				CLANG_WARN_NON_LITERAL_NULL_CONVERSION = YES;
				CLANG_WARN_OBJC_IMPLICIT_RETAIN_SELF = YES;
				CLANG_WARN_OBJC_LITERAL_CONVERSION = YES;
				CLANG_WARN_OBJC_ROOT_CLASS = YES_ERROR;
				CLANG_WARN_RANGE_LOOP_ANALYSIS = YES;
				CLANG_WARN_STRICT_PROTOTYPES = YES;
				CLANG_WARN_SUSPICIOUS_MOVE = YES;
				CLANG_WARN_UNGUARDED_AVAILABILITY = YES_AGGRESSIVE;
				CLANG_WARN_UNREACHABLE_CODE = YES;
				CLANG_WARN__DUPLICATE_METHOD_MATCH = YES;
				CODE_SIGN_IDENTITY = "iPhone Developer";
				COPY_PHASE_STRIP = NO;
				DEBUG_INFORMATION_FORMAT = "dwarf-with-dsym";
				ENABLE_NS_ASSERTIONS = NO;
				ENABLE_STRICT_OBJC_MSGSEND = YES;
				GCC_C_LANGUAGE_STANDARD = gnu11;
				GCC_NO_COMMON_BLOCKS = YES;
				GCC_WARN_64_TO_32_BIT_CONVERSION = YES;
				GCC_WARN_ABOUT_RETURN_TYPE = YES_ERROR;
				GCC_WARN_UNDECLARED_SELECTOR = YES;
				GCC_WARN_UNINITIALIZED_AUTOS = YES_AGGRESSIVE;
				GCC_WARN_UNUSED_FUNCTION = YES;
				GCC_WARN_UNUSED_VARIABLE = YES;
				IPHONEOS_DEPLOYMENT_TARGET = 12.0;
				MTL_ENABLE_DEBUG_INFO = NO;
				MTL_FAST_MATH = YES;
				SDKROOT = iphoneos;
				SWIFT_COMPILATION_MODE = wholemodule;
				SWIFT_OPTIMIZATION_LEVEL = "-O";
				VALIDATE_PRODUCT = YES;
			};
			name = Release;
		};
		3FE0E2E221A54B3F00FE491E /* Debug */ = {
			isa = XCBuildConfiguration;
			buildSettings = {
				ASSETCATALOG_COMPILER_APPICON_NAME = AppIcon;
				CODE_SIGN_STYLE = Automatic;
				INFOPLIST_FILE = Transition/Info.plist;
				LD_RUNPATH_SEARCH_PATHS = (
					"$(inherited)",
					"@executable_path/Frameworks",
				);
				PRODUCT_BUNDLE_IDENTIFIER = "-016110453.Transition";
				PRODUCT_NAME = "$(TARGET_NAME)";
				SWIFT_VERSION = 4.2;
				TARGETED_DEVICE_FAMILY = "1,2";
			};
			name = Debug;
		};
		3FE0E2E321A54B3F00FE491E /* Release */ = {
			isa = XCBuildConfiguration;
			buildSettings = {
				ASSETCATALOG_COMPILER_APPICON_NAME = AppIcon;
				CODE_SIGN_STYLE = Automatic;
				INFOPLIST_FILE = Transition/Info.plist;
				LD_RUNPATH_SEARCH_PATHS = (
					"$(inherited)",
					"@executable_path/Frameworks",
				);
				PRODUCT_BUNDLE_IDENTIFIER = "-016110453.Transition";
				PRODUCT_NAME = "$(TARGET_NAME)";
				SWIFT_VERSION = 4.2;
				TARGETED_DEVICE_FAMILY = "1,2";
			};
			name = Release;
		};
		3FE0E2E521A54B3F00FE491E /* Debug */ = {
			isa = XCBuildConfiguration;
			buildSettings = {
				ALWAYS_EMBED_SWIFT_STANDARD_LIBRARIES = YES;
				BUNDLE_LOADER = "$(TEST_HOST)";
				CODE_SIGN_STYLE = Automatic;
				INFOPLIST_FILE = TransitionTests/Info.plist;
				LD_RUNPATH_SEARCH_PATHS = (
					"$(inherited)",
					"@executable_path/Frameworks",
					"@loader_path/Frameworks",
				);
				PRODUCT_BUNDLE_IDENTIFIER = "-016110453.TransitionTests";
				PRODUCT_NAME = "$(TARGET_NAME)";
				SWIFT_VERSION = 4.2;
				TARGETED_DEVICE_FAMILY = "1,2";
				TEST_HOST = "$(BUILT_PRODUCTS_DIR)/Transition.app/Transition";
			};
			name = Debug;
		};
		3FE0E2E621A54B3F00FE491E /* Release */ = {
			isa = XCBuildConfiguration;
			buildSettings = {
				ALWAYS_EMBED_SWIFT_STANDARD_LIBRARIES = YES;
				BUNDLE_LOADER = "$(TEST_HOST)";
				CODE_SIGN_STYLE = Automatic;
				INFOPLIST_FILE = TransitionTests/Info.plist;
				LD_RUNPATH_SEARCH_PATHS = (
					"$(inherited)",
					"@executable_path/Frameworks",
					"@loader_path/Frameworks",
				);
				PRODUCT_BUNDLE_IDENTIFIER = "-016110453.TransitionTests";
				PRODUCT_NAME = "$(TARGET_NAME)";
				SWIFT_VERSION = 4.2;
				TARGETED_DEVICE_FAMILY = "1,2";
				TEST_HOST = "$(BUILT_PRODUCTS_DIR)/Transition.app/Transition";
			};
			name = Release;
		};
		3FE0E2E821A54B3F00FE491E /* Debug */ = {
			isa = XCBuildConfiguration;
			buildSettings = {
				ALWAYS_EMBED_SWIFT_STANDARD_LIBRARIES = YES;
				CODE_SIGN_STYLE = Automatic;
				INFOPLIST_FILE = TransitionUITests/Info.plist;
				LD_RUNPATH_SEARCH_PATHS = (
					"$(inherited)",
					"@executable_path/Frameworks",
					"@loader_path/Frameworks",
				);
				PRODUCT_BUNDLE_IDENTIFIER = "-016110453.TransitionUITests";
				PRODUCT_NAME = "$(TARGET_NAME)";
				SWIFT_VERSION = 4.2;
				TARGETED_DEVICE_FAMILY = "1,2";
				TEST_TARGET_NAME = Transition;
			};
			name = Debug;
		};
		3FE0E2E921A54B3F00FE491E /* Release */ = {
			isa = XCBuildConfiguration;
			buildSettings = {
				ALWAYS_EMBED_SWIFT_STANDARD_LIBRARIES = YES;
				CODE_SIGN_STYLE = Automatic;
				INFOPLIST_FILE = TransitionUITests/Info.plist;
				LD_RUNPATH_SEARCH_PATHS = (
					"$(inherited)",
					"@executable_path/Frameworks",
					"@loader_path/Frameworks",
				);
				PRODUCT_BUNDLE_IDENTIFIER = "-016110453.TransitionUITests";
				PRODUCT_NAME = "$(TARGET_NAME)";
				SWIFT_VERSION = 4.2;
				TARGETED_DEVICE_FAMILY = "1,2";
				TEST_TARGET_NAME = Transition;
			};
			name = Release;
		};
/* End XCBuildConfiguration section */

/* Begin XCConfigurationList section */
		3FE0E2B421A54B3E00FE491E /* Build configuration list for PBXProject "Transition" */ = {
			isa = XCConfigurationList;
			buildConfigurations = (
				3FE0E2DF21A54B3F00FE491E /* Debug */,
				3FE0E2E021A54B3F00FE491E /* Release */,
			);
			defaultConfigurationIsVisible = 0;
			defaultConfigurationName = Release;
		};
		3FE0E2E121A54B3F00FE491E /* Build configuration list for PBXNativeTarget "Transition" */ = {
			isa = XCConfigurationList;
			buildConfigurations = (
				3FE0E2E221A54B3F00FE491E /* Debug */,
				3FE0E2E321A54B3F00FE491E /* Release */,
			);
			defaultConfigurationIsVisible = 0;
			defaultConfigurationName = Release;
		};
		3FE0E2E421A54B3F00FE491E /* Build configuration list for PBXNativeTarget "TransitionTests" */ = {
			isa = XCConfigurationList;
			buildConfigurations = (
				3FE0E2E521A54B3F00FE491E /* Debug */,
				3FE0E2E621A54B3F00FE491E /* Release */,
			);
			defaultConfigurationIsVisible = 0;
			defaultConfigurationName = Release;
		};
		3FE0E2E721A54B3F00FE491E /* Build configuration list for PBXNativeTarget "TransitionUITests" */ = {
			isa = XCConfigurationList;
			buildConfigurations = (
				3FE0E2E821A54B3F00FE491E /* Debug */,
				3FE0E2E921A54B3F00FE491E /* Release */,
			);
			defaultConfigurationIsVisible = 0;
			defaultConfigurationName = Release;
		};
/* End XCConfigurationList section */
	};
	rootObject = 3FE0E2B121A54B3E00FE491E /* Project object */;
}
