// !$*UTF8*$!
{
	archiveVersion = 1;
	classes = {
	};
	objectVersion = 50;
	objects = {

/* Begin PBXBuildFile section */
		3FE0E28321A544D600FE491E /* AppDelegate.swift in Sources */ = {isa = PBXBuildFile; fileRef = 3FE0E28221A544D600FE491E /* AppDelegate.swift */; };
		3FE0E28521A544D600FE491E /* ViewController.swift in Sources */ = {isa = PBXBuildFile; fileRef = 3FE0E28421A544D600FE491E /* ViewController.swift */; };
		3FE0E28821A544D600FE491E /* Main.storyboard in Resources */ = {isa = PBXBuildFile; fileRef = 3FE0E28621A544D600FE491E /* Main.storyboard */; };
		3FE0E28A21A544D600FE491E /* Assets.xcassets in Resources */ = {isa = PBXBuildFile; fileRef = 3FE0E28921A544D600FE491E /* Assets.xcassets */; };
		3FE0E28D21A544D600FE491E /* LaunchScreen.storyboard in Resources */ = {isa = PBXBuildFile; fileRef = 3FE0E28B21A544D600FE491E /* LaunchScreen.storyboard */; };
		3FE0E29821A544D600FE491E /* AnimationTests.swift in Sources */ = {isa = PBXBuildFile; fileRef = 3FE0E29721A544D600FE491E /* AnimationTests.swift */; };
		3FE0E2A321A544D600FE491E /* AnimationUITests.swift in Sources */ = {isa = PBXBuildFile; fileRef = 3FE0E2A221A544D600FE491E /* AnimationUITests.swift */; };
/* End PBXBuildFile section */

/* Begin PBXContainerItemProxy section */
		3FE0E29421A544D600FE491E /* PBXContainerItemProxy */ = {
			isa = PBXContainerItemProxy;
			containerPortal = 3FE0E27721A544D600FE491E /* Project object */;
			proxyType = 1;
			remoteGlobalIDString = 3FE0E27E21A544D600FE491E;
			remoteInfo = Animation;
		};
		3FE0E29F21A544D600FE491E /* PBXContainerItemProxy */ = {
			isa = PBXContainerItemProxy;
			containerPortal = 3FE0E27721A544D600FE491E /* Project object */;
			proxyType = 1;
			remoteGlobalIDString = 3FE0E27E21A544D600FE491E;
			remoteInfo = Animation;
		};
/* End PBXContainerItemProxy section */

/* Begin PBXFileReference section */
		3FE0E27F21A544D600FE491E /* Animation.app */ = {isa = PBXFileReference; explicitFileType = wrapper.application; includeInIndex = 0; path = Animation.app; sourceTree = BUILT_PRODUCTS_DIR; };
		3FE0E28221A544D600FE491E /* AppDelegate.swift */ = {isa = PBXFileReference; lastKnownFileType = sourcecode.swift; path = AppDelegate.swift; sourceTree = "<group>"; };
		3FE0E28421A544D600FE491E /* ViewController.swift */ = {isa = PBXFileReference; lastKnownFileType = sourcecode.swift; path = ViewController.swift; sourceTree = "<group>"; };
		3FE0E28721A544D600FE491E /* Base */ = {isa = PBXFileReference; lastKnownFileType = file.storyboard; name = Base; path = Base.lproj/Main.storyboard; sourceTree = "<group>"; };
		3FE0E28921A544D600FE491E /* Assets.xcassets */ = {isa = PBXFileReference; lastKnownFileType = folder.assetcatalog; path = Assets.xcassets; sourceTree = "<group>"; };
		3FE0E28C21A544D600FE491E /* Base */ = {isa = PBXFileReference; lastKnownFileType = file.storyboard; name = Base; path = Base.lproj/LaunchScreen.storyboard; sourceTree = "<group>"; };
		3FE0E28E21A544D600FE491E /* Info.plist */ = {isa = PBXFileReference; lastKnownFileType = text.plist.xml; path = Info.plist; sourceTree = "<group>"; };
		3FE0E29321A544D600FE491E /* AnimationTests.xctest */ = {isa = PBXFileReference; explicitFileType = wrapper.cfbundle; includeInIndex = 0; path = AnimationTests.xctest; sourceTree = BUILT_PRODUCTS_DIR; };
		3FE0E29721A544D600FE491E /* AnimationTests.swift */ = {isa = PBXFileReference; lastKnownFileType = sourcecode.swift; path = AnimationTests.swift; sourceTree = "<group>"; };
		3FE0E29921A544D600FE491E /* Info.plist */ = {isa = PBXFileReference; lastKnownFileType = text.plist.xml; path = Info.plist; sourceTree = "<group>"; };
		3FE0E29E21A544D600FE491E /* AnimationUITests.xctest */ = {isa = PBXFileReference; explicitFileType = wrapper.cfbundle; includeInIndex = 0; path = AnimationUITests.xctest; sourceTree = BUILT_PRODUCTS_DIR; };
		3FE0E2A221A544D600FE491E /* AnimationUITests.swift */ = {isa = PBXFileReference; lastKnownFileType = sourcecode.swift; path = AnimationUITests.swift; sourceTree = "<group>"; };
		3FE0E2A421A544D600FE491E /* Info.plist */ = {isa = PBXFileReference; lastKnownFileType = text.plist.xml; path = Info.plist; sourceTree = "<group>"; };
/* End PBXFileReference section */

/* Begin PBXFrameworksBuildPhase section */
		3FE0E27C21A544D600FE491E /* Frameworks */ = {
			isa = PBXFrameworksBuildPhase;
			buildActionMask = 2147483647;
			files = (
			);
			runOnlyForDeploymentPostprocessing = 0;
		};
		3FE0E29021A544D600FE491E /* Frameworks */ = {
			isa = PBXFrameworksBuildPhase;
			buildActionMask = 2147483647;
			files = (
			);
			runOnlyForDeploymentPostprocessing = 0;
		};
		3FE0E29B21A544D600FE491E /* Frameworks */ = {
			isa = PBXFrameworksBuildPhase;
			buildActionMask = 2147483647;
			files = (
			);
			runOnlyForDeploymentPostprocessing = 0;
		};
/* End PBXFrameworksBuildPhase section */

/* Begin PBXGroup section */
		3FE0E27621A544D600FE491E = {
			isa = PBXGroup;
			children = (
				3FE0E28121A544D600FE491E /* Animation */,
				3FE0E29621A544D600FE491E /* AnimationTests */,
				3FE0E2A121A544D600FE491E /* AnimationUITests */,
				3FE0E28021A544D600FE491E /* Products */,
			);
			sourceTree = "<group>";
		};
		3FE0E28021A544D600FE491E /* Products */ = {
			isa = PBXGroup;
			children = (
				3FE0E27F21A544D600FE491E /* Animation.app */,
				3FE0E29321A544D600FE491E /* AnimationTests.xctest */,
				3FE0E29E21A544D600FE491E /* AnimationUITests.xctest */,
			);
			name = Products;
			sourceTree = "<group>";
		};
		3FE0E28121A544D600FE491E /* Animation */ = {
			isa = PBXGroup;
			children = (
				3FE0E28221A544D600FE491E /* AppDelegate.swift */,
				3FE0E28421A544D600FE491E /* ViewController.swift */,
				3FE0E28621A544D600FE491E /* Main.storyboard */,
				3FE0E28921A544D600FE491E /* Assets.xcassets */,
				3FE0E28B21A544D600FE491E /* LaunchScreen.storyboard */,
				3FE0E28E21A544D600FE491E /* Info.plist */,
			);
			path = Animation;
			sourceTree = "<group>";
		};
		3FE0E29621A544D600FE491E /* AnimationTests */ = {
			isa = PBXGroup;
			children = (
				3FE0E29721A544D600FE491E /* AnimationTests.swift */,
				3FE0E29921A544D600FE491E /* Info.plist */,
			);
			path = AnimationTests;
			sourceTree = "<group>";
		};
		3FE0E2A121A544D600FE491E /* AnimationUITests */ = {
			isa = PBXGroup;
			children = (
				3FE0E2A221A544D600FE491E /* AnimationUITests.swift */,
				3FE0E2A421A544D600FE491E /* Info.plist */,
			);
			path = AnimationUITests;
			sourceTree = "<group>";
		};
/* End PBXGroup section */

/* Begin PBXNativeTarget section */
		3FE0E27E21A544D600FE491E /* Animation */ = {
			isa = PBXNativeTarget;
			buildConfigurationList = 3FE0E2A721A544D600FE491E /* Build configuration list for PBXNativeTarget "Animation" */;
			buildPhases = (
				3FE0E27B21A544D600FE491E /* Sources */,
				3FE0E27C21A544D600FE491E /* Frameworks */,
				3FE0E27D21A544D600FE491E /* Resources */,
			);
			buildRules = (
			);
			dependencies = (
			);
			name = Animation;
			productName = Animation;
			productReference = 3FE0E27F21A544D600FE491E /* Animation.app */;
			productType = "com.apple.product-type.application";
		};
		3FE0E29221A544D600FE491E /* AnimationTests */ = {
			isa = PBXNativeTarget;
			buildConfigurationList = 3FE0E2AA21A544D600FE491E /* Build configuration list for PBXNativeTarget "AnimationTests" */;
			buildPhases = (
				3FE0E28F21A544D600FE491E /* Sources */,
				3FE0E29021A544D600FE491E /* Frameworks */,
				3FE0E29121A544D600FE491E /* Resources */,
			);
			buildRules = (
			);
			dependencies = (
				3FE0E29521A544D600FE491E /* PBXTargetDependency */,
			);
			name = AnimationTests;
			productName = AnimationTests;
			productReference = 3FE0E29321A544D600FE491E /* AnimationTests.xctest */;
			productType = "com.apple.product-type.bundle.unit-test";
		};
		3FE0E29D21A544D600FE491E /* AnimationUITests */ = {
			isa = PBXNativeTarget;
			buildConfigurationList = 3FE0E2AD21A544D600FE491E /* Build configuration list for PBXNativeTarget "AnimationUITests" */;
			buildPhases = (
				3FE0E29A21A544D600FE491E /* Sources */,
				3FE0E29B21A544D600FE491E /* Frameworks */,
				3FE0E29C21A544D600FE491E /* Resources */,
			);
			buildRules = (
			);
			dependencies = (
				3FE0E2A021A544D600FE491E /* PBXTargetDependency */,
			);
			name = AnimationUITests;
			productName = AnimationUITests;
			productReference = 3FE0E29E21A544D600FE491E /* AnimationUITests.xctest */;
			productType = "com.apple.product-type.bundle.ui-testing";
		};
/* End PBXNativeTarget section */

/* Begin PBXProject section */
		3FE0E27721A544D600FE491E /* Project object */ = {
			isa = PBXProject;
			attributes = {
				LastSwiftUpdateCheck = 1000;
				LastUpgradeCheck = 1000;
				ORGANIZATIONNAME = zwy;
				TargetAttributes = {
					3FE0E27E21A544D600FE491E = {
						CreatedOnToolsVersion = 10.0;
					};
					3FE0E29221A544D600FE491E = {
						CreatedOnToolsVersion = 10.0;
						TestTargetID = 3FE0E27E21A544D600FE491E;
					};
					3FE0E29D21A544D600FE491E = {
						CreatedOnToolsVersion = 10.0;
						TestTargetID = 3FE0E27E21A544D600FE491E;
					};
				};
			};
			buildConfigurationList = 3FE0E27A21A544D600FE491E /* Build configuration list for PBXProject "Animation" */;
			compatibilityVersion = "Xcode 9.3";
			developmentRegion = en;
			hasScannedForEncodings = 0;
			knownRegions = (
				en,
				Base,
			);
			mainGroup = 3FE0E27621A544D600FE491E;
			productRefGroup = 3FE0E28021A544D600FE491E /* Products */;
			projectDirPath = "";
			projectRoot = "";
			targets = (
				3FE0E27E21A544D600FE491E /* Animation */,
				3FE0E29221A544D600FE491E /* AnimationTests */,
				3FE0E29D21A544D600FE491E /* AnimationUITests */,
			);
		};
/* End PBXProject section */

/* Begin PBXResourcesBuildPhase section */
		3FE0E27D21A544D600FE491E /* Resources */ = {
			isa = PBXResourcesBuildPhase;
			buildActionMask = 2147483647;
			files = (
				3FE0E28D21A544D600FE491E /* LaunchScreen.storyboard in Resources */,
				3FE0E28A21A544D600FE491E /* Assets.xcassets in Resources */,
				3FE0E28821A544D600FE491E /* Main.storyboard in Resources */,
			);
			runOnlyForDeploymentPostprocessing = 0;
		};
		3FE0E29121A544D600FE491E /* Resources */ = {
			isa = PBXResourcesBuildPhase;
			buildActionMask = 2147483647;
			files = (
			);
			runOnlyForDeploymentPostprocessing = 0;
		};
		3FE0E29C21A544D600FE491E /* Resources */ = {
			isa = PBXResourcesBuildPhase;
			buildActionMask = 2147483647;
			files = (
			);
			runOnlyForDeploymentPostprocessing = 0;
		};
/* End PBXResourcesBuildPhase section */

/* Begin PBXSourcesBuildPhase section */
		3FE0E27B21A544D600FE491E /* Sources */ = {
			isa = PBXSourcesBuildPhase;
			buildActionMask = 2147483647;
			files = (
				3FE0E28521A544D600FE491E /* ViewController.swift in Sources */,
				3FE0E28321A544D600FE491E /* AppDelegate.swift in Sources */,
			);
			runOnlyForDeploymentPostprocessing = 0;
		};
		3FE0E28F21A544D600FE491E /* Sources */ = {
			isa = PBXSourcesBuildPhase;
			buildActionMask = 2147483647;
			files = (
				3FE0E29821A544D600FE491E /* AnimationTests.swift in Sources */,
			);
			runOnlyForDeploymentPostprocessing = 0;
		};
		3FE0E29A21A544D600FE491E /* Sources */ = {
			isa = PBXSourcesBuildPhase;
			buildActionMask = 2147483647;
			files = (
				3FE0E2A321A544D600FE491E /* AnimationUITests.swift in Sources */,
			);
			runOnlyForDeploymentPostprocessing = 0;
		};
/* End PBXSourcesBuildPhase section */

/* Begin PBXTargetDependency section */
		3FE0E29521A544D600FE491E /* PBXTargetDependency */ = {
			isa = PBXTargetDependency;
			target = 3FE0E27E21A544D600FE491E /* Animation */;
			targetProxy = 3FE0E29421A544D600FE491E /* PBXContainerItemProxy */;
		};
		3FE0E2A021A544D600FE491E /* PBXTargetDependency */ = {
			isa = PBXTargetDependency;
			target = 3FE0E27E21A544D600FE491E /* Animation */;
			targetProxy = 3FE0E29F21A544D600FE491E /* PBXContainerItemProxy */;
		};
/* End PBXTargetDependency section */

/* Begin PBXVariantGroup section */
		3FE0E28621A544D600FE491E /* Main.storyboard */ = {
			isa = PBXVariantGroup;
			children = (
				3FE0E28721A544D600FE491E /* Base */,
			);
			name = Main.storyboard;
			sourceTree = "<group>";
		};
		3FE0E28B21A544D600FE491E /* LaunchScreen.storyboard */ = {
			isa = PBXVariantGroup;
			children = (
				3FE0E28C21A544D600FE491E /* Base */,
			);
			name = LaunchScreen.storyboard;
			sourceTree = "<group>";
		};
/* End PBXVariantGroup section */

/* Begin XCBuildConfiguration section */
		3FE0E2A521A544D600FE491E /* Debug */ = {
			isa = XCBuildConfiguration;
			buildSettings = {
				ALWAYS_SEARCH_USER_PATHS = NO;
				CLANG_ANALYZER_NONNULL = YES;
				CLANG_ANALYZER_NUMBER_OBJECT_CONVERSION = YES_AGGRESSIVE;
				CLANG_CXX_LANGUAGE_STANDARD = "gnu++14";
				CLANG_CXX_LIBRARY = "libc++";
				CLANG_ENABLE_MODULES = YES;
				CLANG_ENABLE_OBJC_ARC = YES;
				CLANG_ENABLE_OBJC_WEAK = YES;
				CLANG_WARN_BLOCK_CAPTURE_AUTORELEASING = YES;
				CLANG_WARN_BOOL_CONVERSION = YES;
				CLANG_WARN_COMMA = YES;
				CLANG_WARN_CONSTANT_CONVERSION = YES;
				CLANG_WARN_DEPRECATED_OBJC_IMPLEMENTATIONS = YES;
				CLANG_WARN_DIRECT_OBJC_ISA_USAGE = YES_ERROR;
				CLANG_WARN_DOCUMENTATION_COMMENTS = YES;
				CLANG_WARN_EMPTY_BODY = YES;
				CLANG_WARN_ENUM_CONVERSION = YES;
				CLANG_WARN_INFINITE_RECURSION = YES;
				CLANG_WARN_INT_CONVERSION = YES;
				CLANG_WARN_NON_LITERAL_NULL_CONVERSION = YES;
				CLANG_WARN_OBJC_IMPLICIT_RETAIN_SELF = YES;
				CLANG_WARN_OBJC_LITERAL_CONVERSION = YES;
				CLANG_WARN_OBJC_ROOT_CLASS = YES_ERROR;
				CLANG_WARN_RANGE_LOOP_ANALYSIS = YES;
				CLANG_WARN_STRICT_PROTOTYPES = YES;
				CLANG_WARN_SUSPICIOUS_MOVE = YES;
				CLANG_WARN_UNGUARDED_AVAILABILITY = YES_AGGRESSIVE;
				CLANG_WARN_UNREACHABLE_CODE = YES;
				CLANG_WARN__DUPLICATE_METHOD_MATCH = YES;
				CODE_SIGN_IDENTITY = "iPhone Developer";
				COPY_PHASE_STRIP = NO;
				DEBUG_INFORMATION_FORMAT = dwarf;
				ENABLE_STRICT_OBJC_MSGSEND = YES;
				ENABLE_TESTABILITY = YES;
				GCC_C_LANGUAGE_STANDARD = gnu11;
				GCC_DYNAMIC_NO_PIC = NO;
				GCC_NO_COMMON_BLOCKS = YES;
				GCC_OPTIMIZATION_LEVEL = 0;
				GCC_PREPROCESSOR_DEFINITIONS = (
					"DEBUG=1",
					"$(inherited)",
				);
				GCC_WARN_64_TO_32_BIT_CONVERSION = YES;
				GCC_WARN_ABOUT_RETURN_TYPE = YES_ERROR;
				GCC_WARN_UNDECLARED_SELECTOR = YES;
				GCC_WARN_UNINITIALIZED_AUTOS = YES_AGGRESSIVE;
				GCC_WARN_UNUSED_FUNCTION = YES;
				GCC_WARN_UNUSED_VARIABLE = YES;
				IPHONEOS_DEPLOYMENT_TARGET = 12.0;
				MTL_ENABLE_DEBUG_INFO = INCLUDE_SOURCE;
				MTL_FAST_MATH = YES;
				ONLY_ACTIVE_ARCH = YES;
				SDKROOT = iphoneos;
				SWIFT_ACTIVE_COMPILATION_CONDITIONS = DEBUG;
				SWIFT_OPTIMIZATION_LEVEL = "-Onone";
			};
			name = Debug;
		};
		3FE0E2A621A544D600FE491E /* Release */ = {
			isa = XCBuildConfiguration;
			buildSettings = {
				ALWAYS_SEARCH_USER_PATHS = NO;
				CLANG_ANALYZER_NONNULL = YES;
				CLANG_ANALYZER_NUMBER_OBJECT_CONVERSION = YES_AGGRESSIVE;
				CLANG_CXX_LANGUAGE_STANDARD = "gnu++14";
				CLANG_CXX_LIBRARY = "libc++";
				CLANG_ENABLE_MODULES = YES;
				CLANG_ENABLE_OBJC_ARC = YES;
				CLANG_ENABLE_OBJC_WEAK = YES;
				CLANG_WARN_BLOCK_CAPTURE_AUTORELEASING = YES;
				CLANG_WARN_BOOL_CONVERSION = YES;
				CLANG_WARN_COMMA = YES;
				CLANG_WARN_CONSTANT_CONVERSION = YES;
				CLANG_WARN_DEPRECATED_OBJC_IMPLEMENTATIONS = YES;
				CLANG_WARN_DIRECT_OBJC_ISA_USAGE = YES_ERROR;
				CLANG_WARN_DOCUMENTATION_COMMENTS = YES;
				CLANG_WARN_EMPTY_BODY = YES;
				CLANG_WARN_ENUM_CONVERSION = YES;
				CLANG_WARN_INFINITE_RECURSION = YES;
				CLANG_WARN_INT_CONVERSION = YES;
				CLANG_WARN_NON_LITERAL_NULL_CONVERSION = YES;
				CLANG_WARN_OBJC_IMPLICIT_RETAIN_SELF = YES;
				CLANG_WARN_OBJC_LITERAL_CONVERSION = YES;
				CLANG_WARN_OBJC_ROOT_CLASS = YES_ERROR;
				CLANG_WARN_RANGE_LOOP_ANALYSIS = YES;
				CLANG_WARN_STRICT_PROTOTYPES = YES;
				CLANG_WARN_SUSPICIOUS_MOVE = YES;
				CLANG_WARN_UNGUARDED_AVAILABILITY = YES_AGGRESSIVE;
				CLANG_WARN_UNREACHABLE_CODE = YES;
				CLANG_WARN__DUPLICATE_METHOD_MATCH = YES;
				CODE_SIGN_IDENTITY = "iPhone Developer";
				COPY_PHASE_STRIP = NO;
				DEBUG_INFORMATION_FORMAT = "dwarf-with-dsym";
				ENABLE_NS_ASSERTIONS = NO;
				ENABLE_STRICT_OBJC_MSGSEND = YES;
				GCC_C_LANGUAGE_STANDARD = gnu11;
				GCC_NO_COMMON_BLOCKS = YES;
				GCC_WARN_64_TO_32_BIT_CONVERSION = YES;
				GCC_WARN_ABOUT_RETURN_TYPE = YES_ERROR;
				GCC_WARN_UNDECLARED_SELECTOR = YES;
				GCC_WARN_UNINITIALIZED_AUTOS = YES_AGGRESSIVE;
				GCC_WARN_UNUSED_FUNCTION = YES;
				GCC_WARN_UNUSED_VARIABLE = YES;
				IPHONEOS_DEPLOYMENT_TARGET = 12.0;
				MTL_ENABLE_DEBUG_INFO = NO;
				MTL_FAST_MATH = YES;
				SDKROOT = iphoneos;
				SWIFT_COMPILATION_MODE = wholemodule;
				SWIFT_OPTIMIZATION_LEVEL = "-O";
				VALIDATE_PRODUCT = YES;
			};
			name = Release;
		};
		3FE0E2A821A544D600FE491E /* Debug */ = {
			isa = XCBuildConfiguration;
			buildSettings = {
				ASSETCATALOG_COMPILER_APPICON_NAME = AppIcon;
				CODE_SIGN_STYLE = Automatic;
				INFOPLIST_FILE = Animation/Info.plist;
				LD_RUNPATH_SEARCH_PATHS = (
					"$(inherited)",
					"@executable_path/Frameworks",
				);
				PRODUCT_BUNDLE_IDENTIFIER = "-016110453.Animation";
				PRODUCT_NAME = "$(TARGET_NAME)";
				SWIFT_VERSION = 4.2;
				TARGETED_DEVICE_FAMILY = "1,2";
			};
			name = Debug;
		};
		3FE0E2A921A544D600FE491E /* Release */ = {
			isa = XCBuildConfiguration;
			buildSettings = {
				ASSETCATALOG_COMPILER_APPICON_NAME = AppIcon;
				CODE_SIGN_STYLE = Automatic;
				INFOPLIST_FILE = Animation/Info.plist;
				LD_RUNPATH_SEARCH_PATHS = (
					"$(inherited)",
					"@executable_path/Frameworks",
				);
				PRODUCT_BUNDLE_IDENTIFIER = "-016110453.Animation";
				PRODUCT_NAME = "$(TARGET_NAME)";
				SWIFT_VERSION = 4.2;
				TARGETED_DEVICE_FAMILY = "1,2";
			};
			name = Release;
		};
		3FE0E2AB21A544D600FE491E /* Debug */ = {
			isa = XCBuildConfiguration;
			buildSettings = {
				ALWAYS_EMBED_SWIFT_STANDARD_LIBRARIES = YES;
				BUNDLE_LOADER = "$(TEST_HOST)";
				CODE_SIGN_STYLE = Automatic;
				INFOPLIST_FILE = AnimationTests/Info.plist;
				LD_RUNPATH_SEARCH_PATHS = (
					"$(inherited)",
					"@executable_path/Frameworks",
					"@loader_path/Frameworks",
				);
				PRODUCT_BUNDLE_IDENTIFIER = "-016110453.AnimationTests";
				PRODUCT_NAME = "$(TARGET_NAME)";
				SWIFT_VERSION = 4.2;
				TARGETED_DEVICE_FAMILY = "1,2";
				TEST_HOST = "$(BUILT_PRODUCTS_DIR)/Animation.app/Animation";
			};
			name = Debug;
		};
		3FE0E2AC21A544D600FE491E /* Release */ = {
			isa = XCBuildConfiguration;
			buildSettings = {
				ALWAYS_EMBED_SWIFT_STANDARD_LIBRARIES = YES;
				BUNDLE_LOADER = "$(TEST_HOST)";
				CODE_SIGN_STYLE = Automatic;
				INFOPLIST_FILE = AnimationTests/Info.plist;
				LD_RUNPATH_SEARCH_PATHS = (
					"$(inherited)",
					"@executable_path/Frameworks",
					"@loader_path/Frameworks",
				);
				PRODUCT_BUNDLE_IDENTIFIER = "-016110453.AnimationTests";
				PRODUCT_NAME = "$(TARGET_NAME)";
				SWIFT_VERSION = 4.2;
				TARGETED_DEVICE_FAMILY = "1,2";
				TEST_HOST = "$(BUILT_PRODUCTS_DIR)/Animation.app/Animation";
			};
			name = Release;
		};
		3FE0E2AE21A544D600FE491E /* Debug */ = {
			isa = XCBuildConfiguration;
			buildSettings = {
				ALWAYS_EMBED_SWIFT_STANDARD_LIBRARIES = YES;
				CODE_SIGN_STYLE = Automatic;
				INFOPLIST_FILE = AnimationUITests/Info.plist;
				LD_RUNPATH_SEARCH_PATHS = (
					"$(inherited)",
					"@executable_path/Frameworks",
					"@loader_path/Frameworks",
				);
				PRODUCT_BUNDLE_IDENTIFIER = "-016110453.AnimationUITests";
				PRODUCT_NAME = "$(TARGET_NAME)";
				SWIFT_VERSION = 4.2;
				TARGETED_DEVICE_FAMILY = "1,2";
				TEST_TARGET_NAME = Animation;
			};
			name = Debug;
		};
		3FE0E2AF21A544D600FE491E /* Release */ = {
			isa = XCBuildConfiguration;
			buildSettings = {
				ALWAYS_EMBED_SWIFT_STANDARD_LIBRARIES = YES;
				CODE_SIGN_STYLE = Automatic;
				INFOPLIST_FILE = AnimationUITests/Info.plist;
				LD_RUNPATH_SEARCH_PATHS = (
					"$(inherited)",
					"@executable_path/Frameworks",
					"@loader_path/Frameworks",
				);
				PRODUCT_BUNDLE_IDENTIFIER = "-016110453.AnimationUITests";
				PRODUCT_NAME = "$(TARGET_NAME)";
				SWIFT_VERSION = 4.2;
				TARGETED_DEVICE_FAMILY = "1,2";
				TEST_TARGET_NAME = Animation;
			};
			name = Release;
		};
/* End XCBuildConfiguration section */

/* Begin XCConfigurationList section */
		3FE0E27A21A544D600FE491E /* Build configuration list for PBXProject "Animation" */ = {
			isa = XCConfigurationList;
			buildConfigurations = (
				3FE0E2A521A544D600FE491E /* Debug */,
				3FE0E2A621A544D600FE491E /* Release */,
			);
			defaultConfigurationIsVisible = 0;
			defaultConfigurationName = Release;
		};
		3FE0E2A721A544D600FE491E /* Build configuration list for PBXNativeTarget "Animation" */ = {
			isa = XCConfigurationList;
			buildConfigurations = (
				3FE0E2A821A544D600FE491E /* Debug */,
				3FE0E2A921A544D600FE491E /* Release */,
			);
			defaultConfigurationIsVisible = 0;
			defaultConfigurationName = Release;
		};
		3FE0E2AA21A544D600FE491E /* Build configuration list for PBXNativeTarget "AnimationTests" */ = {
			isa = XCConfigurationList;
			buildConfigurations = (
				3FE0E2AB21A544D600FE491E /* Debug */,
				3FE0E2AC21A544D600FE491E /* Release */,
			);
			defaultConfigurationIsVisible = 0;
			defaultConfigurationName = Release;
		};
		3FE0E2AD21A544D600FE491E /* Build configuration list for PBXNativeTarget "AnimationUITests" */ = {
			isa = XCConfigurationList;
			buildConfigurations = (
				3FE0E2AE21A544D600FE491E /* Debug */,
				3FE0E2AF21A544D600FE491E /* Release */,
			);
			defaultConfigurationIsVisible = 0;
			defaultConfigurationName = Release;
		};
/* End XCConfigurationList section */
	};
	rootObject = 3FE0E27721A544D600FE491E /* Project object */;
}
